// !$*UTF8*$!
{
	archiveVersion = 1;
	classes = {
	};
	objectVersion = 56;
	objects = {

/* Begin PBXBuildFile section */
		2BBA45A72B30092C0026C46B /* ReceiptInfo.swift in Sources */ = {isa = PBXBuildFile; fileRef = 2BBA45A62B30092C0026C46B /* ReceiptInfo.swift */; };
		2BBA45AB2B32CD0E0026C46B /* LoginFunctions.swift in Sources */ = {isa = PBXBuildFile; fileRef = 2BBA45AA2B32CD0E0026C46B /* LoginFunctions.swift */; };
		2BBA45AE2B33BECC0026C46B /* Scanners.swift in Sources */ = {isa = PBXBuildFile; fileRef = 2BBA45AD2B33BECC0026C46B /* Scanners.swift */; };
		2BBA45B02B33BED90026C46B /* Settings.swift in Sources */ = {isa = PBXBuildFile; fileRef = 2BBA45AF2B33BED90026C46B /* Settings.swift */; };
		2BBA45B22B33BF590026C46B /* UserSettings.swift in Sources */ = {isa = PBXBuildFile; fileRef = 2BBA45B12B33BF590026C46B /* UserSettings.swift */; };
		2BBA45B42B33BFED0026C46B /* Passcode.swift in Sources */ = {isa = PBXBuildFile; fileRef = 2BBA45B32B33BFED0026C46B /* Passcode.swift */; };
		2BBA45B62B33BFF90026C46B /* UtilityFunctions.swift in Sources */ = {isa = PBXBuildFile; fileRef = 2BBA45B52B33BFF90026C46B /* UtilityFunctions.swift */; };
		2BBA45B82B33BFFE0026C46B /* Receipt.swift in Sources */ = {isa = PBXBuildFile; fileRef = 2BBA45B72B33BFFE0026C46B /* Receipt.swift */; };
		2BBA45BA2B33C0030026C46B /* Folder.swift in Sources */ = {isa = PBXBuildFile; fileRef = 2BBA45B92B33C0030026C46B /* Folder.swift */; };
		2BBA45BC2B33C0090026C46B /* Prediction.swift in Sources */ = {isa = PBXBuildFile; fileRef = 2BBA45BB2B33C0090026C46B /* Prediction.swift */; };
		2BBA45BE2B33C00E0026C46B /* ScanTranslation.swift in Sources */ = {isa = PBXBuildFile; fileRef = 2BBA45BD2B33C00E0026C46B /* ScanTranslation.swift */; };
		2BBA45C02B33C0180026C46B /* Persistence.swift in Sources */ = {isa = PBXBuildFile; fileRef = 2BBA45BF2B33C0180026C46B /* Persistence.swift */; };
		2BBA45C72B33C2880026C46B /* COSC345_Project.xcdatamodeld in Sources */ = {isa = PBXBuildFile; fileRef = 2BBA45C52B33C2880026C46B /* COSC345_Project.xcdatamodeld */; };
		2BCD62C82B0AD7C9005B31E0 /* PayToteApp.swift in Sources */ = {isa = PBXBuildFile; fileRef = 2BCD62C72B0AD7C9005B31E0 /* PayToteApp.swift */; };
		2BCD62CA2B0AD7C9005B31E0 /* ContentView.swift in Sources */ = {isa = PBXBuildFile; fileRef = 2BCD62C92B0AD7C9005B31E0 /* ContentView.swift */; };
		2BCD62CC2B0AD7CB005B31E0 /* Assets.xcassets in Resources */ = {isa = PBXBuildFile; fileRef = 2BCD62CB2B0AD7CB005B31E0 /* Assets.xcassets */; };
		2BCD62D02B0AD7CB005B31E0 /* Preview Assets.xcassets in Resources */ = {isa = PBXBuildFile; fileRef = 2BCD62CF2B0AD7CB005B31E0 /* Preview Assets.xcassets */; };
		2BCD62D72B0AD8ED005B31E0 /* CreateAccount.swift in Sources */ = {isa = PBXBuildFile; fileRef = 2BCD62D62B0AD8ED005B31E0 /* CreateAccount.swift */; };
		2BCD62D92B0ADAE0005B31E0 /* HomeView.swift in Sources */ = {isa = PBXBuildFile; fileRef = 2BCD62D82B0ADAE0005B31E0 /* HomeView.swift */; };
/* End PBXBuildFile section */

/* Begin PBXFileReference section */
		2BBA45A62B30092C0026C46B /* ReceiptInfo.swift */ = {isa = PBXFileReference; lastKnownFileType = sourcecode.swift; path = ReceiptInfo.swift; sourceTree = "<group>"; };
		2BBA45AA2B32CD0E0026C46B /* LoginFunctions.swift */ = {isa = PBXFileReference; lastKnownFileType = sourcecode.swift; path = LoginFunctions.swift; sourceTree = "<group>"; };
		2BBA45AD2B33BECC0026C46B /* Scanners.swift */ = {isa = PBXFileReference; fileEncoding = 4; lastKnownFileType = sourcecode.swift; path = Scanners.swift; sourceTree = "<group>"; };
		2BBA45AF2B33BED90026C46B /* Settings.swift */ = {isa = PBXFileReference; fileEncoding = 4; lastKnownFileType = sourcecode.swift; path = Settings.swift; sourceTree = "<group>"; };
		2BBA45B12B33BF590026C46B /* UserSettings.swift */ = {isa = PBXFileReference; fileEncoding = 4; lastKnownFileType = sourcecode.swift; path = UserSettings.swift; sourceTree = "<group>"; };
		2BBA45B32B33BFED0026C46B /* Passcode.swift */ = {isa = PBXFileReference; fileEncoding = 4; lastKnownFileType = sourcecode.swift; path = Passcode.swift; sourceTree = "<group>"; };
		2BBA45B52B33BFF90026C46B /* UtilityFunctions.swift */ = {isa = PBXFileReference; fileEncoding = 4; lastKnownFileType = sourcecode.swift; path = UtilityFunctions.swift; sourceTree = "<group>"; };
		2BBA45B72B33BFFE0026C46B /* Receipt.swift */ = {isa = PBXFileReference; fileEncoding = 4; lastKnownFileType = sourcecode.swift; path = Receipt.swift; sourceTree = "<group>"; };
		2BBA45B92B33C0030026C46B /* Folder.swift */ = {isa = PBXFileReference; fileEncoding = 4; lastKnownFileType = sourcecode.swift; path = Folder.swift; sourceTree = "<group>"; };
		2BBA45BB2B33C0090026C46B /* Prediction.swift */ = {isa = PBXFileReference; fileEncoding = 4; lastKnownFileType = sourcecode.swift; path = Prediction.swift; sourceTree = "<group>"; };
		2BBA45BD2B33C00E0026C46B /* ScanTranslation.swift */ = {isa = PBXFileReference; fileEncoding = 4; lastKnownFileType = sourcecode.swift; path = ScanTranslation.swift; sourceTree = "<group>"; };
		2BBA45BF2B33C0180026C46B /* Persistence.swift */ = {isa = PBXFileReference; fileEncoding = 4; lastKnownFileType = sourcecode.swift; path = Persistence.swift; sourceTree = "<group>"; };
		2BBA45C62B33C2880026C46B /* COSC345_Project.xcdatamodel */ = {isa = PBXFileReference; lastKnownFileType = wrapper.xcdatamodel; path = COSC345_Project.xcdatamodel; sourceTree = "<group>"; };
		2BCD62C42B0AD7C9005B31E0 /* PayTote.app */ = {isa = PBXFileReference; explicitFileType = wrapper.application; includeInIndex = 0; path = PayTote.app; sourceTree = BUILT_PRODUCTS_DIR; };
		2BCD62C72B0AD7C9005B31E0 /* PayToteApp.swift */ = {isa = PBXFileReference; lastKnownFileType = sourcecode.swift; path = PayToteApp.swift; sourceTree = "<group>"; };
		2BCD62C92B0AD7C9005B31E0 /* ContentView.swift */ = {isa = PBXFileReference; lastKnownFileType = sourcecode.swift; path = ContentView.swift; sourceTree = "<group>"; };
		2BCD62CB2B0AD7CB005B31E0 /* Assets.xcassets */ = {isa = PBXFileReference; lastKnownFileType = folder.assetcatalog; path = Assets.xcassets; sourceTree = "<group>"; };
		2BCD62CD2B0AD7CB005B31E0 /* PayTote.entitlements */ = {isa = PBXFileReference; lastKnownFileType = text.plist.entitlements; path = PayTote.entitlements; sourceTree = "<group>"; };
		2BCD62CF2B0AD7CB005B31E0 /* Preview Assets.xcassets */ = {isa = PBXFileReference; lastKnownFileType = folder.assetcatalog; path = "Preview Assets.xcassets"; sourceTree = "<group>"; };
		2BCD62D62B0AD8ED005B31E0 /* CreateAccount.swift */ = {isa = PBXFileReference; lastKnownFileType = sourcecode.swift; path = CreateAccount.swift; sourceTree = "<group>"; };
		2BCD62D82B0ADAE0005B31E0 /* HomeView.swift */ = {isa = PBXFileReference; lastKnownFileType = sourcecode.swift; path = HomeView.swift; sourceTree = "<group>"; };
		2BCD62DA2B0AE97B005B31E0 /* Info.plist */ = {isa = PBXFileReference; lastKnownFileType = text.plist; path = Info.plist; sourceTree = "<group>"; };
/* End PBXFileReference section */

/* Begin PBXFrameworksBuildPhase section */
		2BCD62C12B0AD7C9005B31E0 /* Frameworks */ = {
			isa = PBXFrameworksBuildPhase;
			buildActionMask = 2147483647;
			files = (
			);
			runOnlyForDeploymentPostprocessing = 0;
		};
/* End PBXFrameworksBuildPhase section */

/* Begin PBXGroup section */
		2BBA45A52B3009160026C46B /* Receipts */ = {
			isa = PBXGroup;
			children = (
				2BBA45A62B30092C0026C46B /* ReceiptInfo.swift */,
			);
			path = Receipts;
			sourceTree = "<group>";
		};
		2BCD62BB2B0AD7C9005B31E0 = {
			isa = PBXGroup;
			children = (
				2BCD62C62B0AD7C9005B31E0 /* PayTote */,
				2BCD62C52B0AD7C9005B31E0 /* Products */,
			);
			sourceTree = "<group>";
		};
		2BCD62C52B0AD7C9005B31E0 /* Products */ = {
			isa = PBXGroup;
			children = (
				2BCD62C42B0AD7C9005B31E0 /* PayTote.app */,
			);
			name = Products;
			sourceTree = "<group>";
		};
		2BCD62C62B0AD7C9005B31E0 /* PayTote */ = {
			isa = PBXGroup;
			children = (
				2BCD62DA2B0AE97B005B31E0 /* Info.plist */,
				2BCD62C72B0AD7C9005B31E0 /* PayToteApp.swift */,
				2BBA45C52B33C2880026C46B /* COSC345_Project.xcdatamodeld */,
				2BCD62D62B0AD8ED005B31E0 /* CreateAccount.swift */,
				2BCD62C92B0AD7C9005B31E0 /* ContentView.swift */,
				2BBA45B32B33BFED0026C46B /* Passcode.swift */,
				2BCD62D82B0ADAE0005B31E0 /* HomeView.swift */,
				2BBA45AA2B32CD0E0026C46B /* LoginFunctions.swift */,
				2BBA45AF2B33BED90026C46B /* Settings.swift */,
				2BBA45AD2B33BECC0026C46B /* Scanners.swift */,
				2BBA45B52B33BFF90026C46B /* UtilityFunctions.swift */,
				2BBA45B72B33BFFE0026C46B /* Receipt.swift */,
				2BBA45B92B33C0030026C46B /* Folder.swift */,
				2BBA45BB2B33C0090026C46B /* Prediction.swift */,
				2BBA45BD2B33C00E0026C46B /* ScanTranslation.swift */,
				2BBA45B12B33BF590026C46B /* UserSettings.swift */,
				2BBA45BF2B33C0180026C46B /* Persistence.swift */,
				2BBA45A52B3009160026C46B /* Receipts */,
				2BCD62CB2B0AD7CB005B31E0 /* Assets.xcassets */,
				2BCD62CD2B0AD7CB005B31E0 /* PayTote.entitlements */,
				2BCD62CE2B0AD7CB005B31E0 /* Preview Content */,
			);
			path = PayTote;
			sourceTree = "<group>";
		};
		2BCD62CE2B0AD7CB005B31E0 /* Preview Content */ = {
			isa = PBXGroup;
			children = (
				2BCD62CF2B0AD7CB005B31E0 /* Preview Assets.xcassets */,
			);
			path = "Preview Content";
			sourceTree = "<group>";
		};
/* End PBXGroup section */

/* Begin PBXNativeTarget section */
		2BCD62C32B0AD7C9005B31E0 /* PayTote */ = {
			isa = PBXNativeTarget;
			buildConfigurationList = 2BCD62D32B0AD7CB005B31E0 /* Build configuration list for PBXNativeTarget "PayTote" */;
			buildPhases = (
				2BCD62C02B0AD7C9005B31E0 /* Sources */,
				2BCD62C12B0AD7C9005B31E0 /* Frameworks */,
				2BCD62C22B0AD7C9005B31E0 /* Resources */,
			);
			buildRules = (
			);
			dependencies = (
			);
			name = PayTote;
			productName = PayTote;
			productReference = 2BCD62C42B0AD7C9005B31E0 /* PayTote.app */;
			productType = "com.apple.product-type.application";
		};
/* End PBXNativeTarget section */

/* Begin PBXProject section */
		2BCD62BC2B0AD7C9005B31E0 /* Project object */ = {
			isa = PBXProject;
			attributes = {
				BuildIndependentTargetsInParallel = 1;
				LastSwiftUpdateCheck = 1500;
				LastUpgradeCheck = 1500;
				TargetAttributes = {
					2BCD62C32B0AD7C9005B31E0 = {
						CreatedOnToolsVersion = 15.0.1;
					};
				};
			};
			buildConfigurationList = 2BCD62BF2B0AD7C9005B31E0 /* Build configuration list for PBXProject "PayTote" */;
			compatibilityVersion = "Xcode 14.0";
			developmentRegion = en;
			hasScannedForEncodings = 0;
			knownRegions = (
				en,
				Base,
			);
			mainGroup = 2BCD62BB2B0AD7C9005B31E0;
			productRefGroup = 2BCD62C52B0AD7C9005B31E0 /* Products */;
			projectDirPath = "";
			projectRoot = "";
			targets = (
				2BCD62C32B0AD7C9005B31E0 /* PayTote */,
			);
		};
/* End PBXProject section */

/* Begin PBXResourcesBuildPhase section */
		2BCD62C22B0AD7C9005B31E0 /* Resources */ = {
			isa = PBXResourcesBuildPhase;
			buildActionMask = 2147483647;
			files = (
				2BCD62D02B0AD7CB005B31E0 /* Preview Assets.xcassets in Resources */,
				2BCD62CC2B0AD7CB005B31E0 /* Assets.xcassets in Resources */,
			);
			runOnlyForDeploymentPostprocessing = 0;
		};
/* End PBXResourcesBuildPhase section */

/* Begin PBXSourcesBuildPhase section */
		2BCD62C02B0AD7C9005B31E0 /* Sources */ = {
			isa = PBXSourcesBuildPhase;
			buildActionMask = 2147483647;
			files = (
				2BBA45B82B33BFFE0026C46B /* Receipt.swift in Sources */,
				2BBA45C02B33C0180026C46B /* Persistence.swift in Sources */,
				2BBA45AB2B32CD0E0026C46B /* LoginFunctions.swift in Sources */,
				2BBA45B62B33BFF90026C46B /* UtilityFunctions.swift in Sources */,
				2BBA45B42B33BFED0026C46B /* Passcode.swift in Sources */,
				2BBA45BC2B33C0090026C46B /* Prediction.swift in Sources */,
				2BBA45A72B30092C0026C46B /* ReceiptInfo.swift in Sources */,
				2BBA45BA2B33C0030026C46B /* Folder.swift in Sources */,
				2BBA45B02B33BED90026C46B /* Settings.swift in Sources */,
				2BBA45C72B33C2880026C46B /* COSC345_Project.xcdatamodeld in Sources */,
				2BCD62CA2B0AD7C9005B31E0 /* ContentView.swift in Sources */,
				2BBA45B22B33BF590026C46B /* UserSettings.swift in Sources */,
				2BBA45AE2B33BECC0026C46B /* Scanners.swift in Sources */,
				2BCD62D72B0AD8ED005B31E0 /* CreateAccount.swift in Sources */,
				2BCD62C82B0AD7C9005B31E0 /* PayToteApp.swift in Sources */,
				2BCD62D92B0ADAE0005B31E0 /* HomeView.swift in Sources */,
				2BBA45BE2B33C00E0026C46B /* ScanTranslation.swift in Sources */,
			);
			runOnlyForDeploymentPostprocessing = 0;
		};
/* End PBXSourcesBuildPhase section */

/* Begin XCBuildConfiguration section */
		2BCD62D12B0AD7CB005B31E0 /* Debug */ = {
			isa = XCBuildConfiguration;
			buildSettings = {
				ALWAYS_SEARCH_USER_PATHS = NO;
				ASSETCATALOG_COMPILER_GENERATE_SWIFT_ASSET_SYMBOL_EXTENSIONS = YES;
				CLANG_ANALYZER_NONNULL = YES;
				CLANG_ANALYZER_NUMBER_OBJECT_CONVERSION = YES_AGGRESSIVE;
				CLANG_CXX_LANGUAGE_STANDARD = "gnu++20";
				CLANG_ENABLE_MODULES = YES;
				CLANG_ENABLE_OBJC_ARC = YES;
				CLANG_ENABLE_OBJC_WEAK = YES;
				CLANG_WARN_BLOCK_CAPTURE_AUTORELEASING = YES;
				CLANG_WARN_BOOL_CONVERSION = YES;
				CLANG_WARN_COMMA = YES;
				CLANG_WARN_CONSTANT_CONVERSION = YES;
				CLANG_WARN_DEPRECATED_OBJC_IMPLEMENTATIONS = YES;
				CLANG_WARN_DIRECT_OBJC_ISA_USAGE = YES_ERROR;
				CLANG_WARN_DOCUMENTATION_COMMENTS = YES;
				CLANG_WARN_EMPTY_BODY = YES;
				CLANG_WARN_ENUM_CONVERSION = YES;
				CLANG_WARN_INFINITE_RECURSION = YES;
				CLANG_WARN_INT_CONVERSION = YES;
				CLANG_WARN_NON_LITERAL_NULL_CONVERSION = YES;
				CLANG_WARN_OBJC_IMPLICIT_RETAIN_SELF = YES;
				CLANG_WARN_OBJC_LITERAL_CONVERSION = YES;
				CLANG_WARN_OBJC_ROOT_CLASS = YES_ERROR;
				CLANG_WARN_QUOTED_INCLUDE_IN_FRAMEWORK_HEADER = YES;
				CLANG_WARN_RANGE_LOOP_ANALYSIS = YES;
				CLANG_WARN_STRICT_PROTOTYPES = YES;
				CLANG_WARN_SUSPICIOUS_MOVE = YES;
				CLANG_WARN_UNGUARDED_AVAILABILITY = YES_AGGRESSIVE;
				CLANG_WARN_UNREACHABLE_CODE = YES;
				CLANG_WARN__DUPLICATE_METHOD_MATCH = YES;
				COPY_PHASE_STRIP = NO;
				DEBUG_INFORMATION_FORMAT = dwarf;
				ENABLE_STRICT_OBJC_MSGSEND = YES;
				ENABLE_TESTABILITY = YES;
				ENABLE_USER_SCRIPT_SANDBOXING = YES;
				GCC_C_LANGUAGE_STANDARD = gnu17;
				GCC_DYNAMIC_NO_PIC = NO;
				GCC_NO_COMMON_BLOCKS = YES;
				GCC_OPTIMIZATION_LEVEL = 0;
				GCC_PREPROCESSOR_DEFINITIONS = (
					"DEBUG=1",
					"$(inherited)",
				);
				GCC_WARN_64_TO_32_BIT_CONVERSION = YES;
				GCC_WARN_ABOUT_RETURN_TYPE = YES_ERROR;
				GCC_WARN_UNDECLARED_SELECTOR = YES;
				GCC_WARN_UNINITIALIZED_AUTOS = YES_AGGRESSIVE;
				GCC_WARN_UNUSED_FUNCTION = YES;
				GCC_WARN_UNUSED_VARIABLE = YES;
				LOCALIZATION_PREFERS_STRING_CATALOGS = YES;
				MTL_ENABLE_DEBUG_INFO = INCLUDE_SOURCE;
				MTL_FAST_MATH = YES;
				ONLY_ACTIVE_ARCH = YES;
				SWIFT_ACTIVE_COMPILATION_CONDITIONS = "DEBUG $(inherited)";
				SWIFT_OPTIMIZATION_LEVEL = "-Onone";
			};
			name = Debug;
		};
		2BCD62D22B0AD7CB005B31E0 /* Release */ = {
			isa = XCBuildConfiguration;
			buildSettings = {
				ALWAYS_SEARCH_USER_PATHS = NO;
				ASSETCATALOG_COMPILER_GENERATE_SWIFT_ASSET_SYMBOL_EXTENSIONS = YES;
				CLANG_ANALYZER_NONNULL = YES;
				CLANG_ANALYZER_NUMBER_OBJECT_CONVERSION = YES_AGGRESSIVE;
				CLANG_CXX_LANGUAGE_STANDARD = "gnu++20";
				CLANG_ENABLE_MODULES = YES;
				CLANG_ENABLE_OBJC_ARC = YES;
				CLANG_ENABLE_OBJC_WEAK = YES;
				CLANG_WARN_BLOCK_CAPTURE_AUTORELEASING = YES;
				CLANG_WARN_BOOL_CONVERSION = YES;
				CLANG_WARN_COMMA = YES;
				CLANG_WARN_CONSTANT_CONVERSION = YES;
				CLANG_WARN_DEPRECATED_OBJC_IMPLEMENTATIONS = YES;
				CLANG_WARN_DIRECT_OBJC_ISA_USAGE = YES_ERROR;
				CLANG_WARN_DOCUMENTATION_COMMENTS = YES;
				CLANG_WARN_EMPTY_BODY = YES;
				CLANG_WARN_ENUM_CONVERSION = YES;
				CLANG_WARN_INFINITE_RECURSION = YES;
				CLANG_WARN_INT_CONVERSION = YES;
				CLANG_WARN_NON_LITERAL_NULL_CONVERSION = YES;
				CLANG_WARN_OBJC_IMPLICIT_RETAIN_SELF = YES;
				CLANG_WARN_OBJC_LITERAL_CONVERSION = YES;
				CLANG_WARN_OBJC_ROOT_CLASS = YES_ERROR;
				CLANG_WARN_QUOTED_INCLUDE_IN_FRAMEWORK_HEADER = YES;
				CLANG_WARN_RANGE_LOOP_ANALYSIS = YES;
				CLANG_WARN_STRICT_PROTOTYPES = YES;
				CLANG_WARN_SUSPICIOUS_MOVE = YES;
				CLANG_WARN_UNGUARDED_AVAILABILITY = YES_AGGRESSIVE;
				CLANG_WARN_UNREACHABLE_CODE = YES;
				CLANG_WARN__DUPLICATE_METHOD_MATCH = YES;
				COPY_PHASE_STRIP = NO;
				DEBUG_INFORMATION_FORMAT = "dwarf-with-dsym";
				ENABLE_NS_ASSERTIONS = NO;
				ENABLE_STRICT_OBJC_MSGSEND = YES;
				ENABLE_USER_SCRIPT_SANDBOXING = YES;
				GCC_C_LANGUAGE_STANDARD = gnu17;
				GCC_NO_COMMON_BLOCKS = YES;
				GCC_WARN_64_TO_32_BIT_CONVERSION = YES;
				GCC_WARN_ABOUT_RETURN_TYPE = YES_ERROR;
				GCC_WARN_UNDECLARED_SELECTOR = YES;
				GCC_WARN_UNINITIALIZED_AUTOS = YES_AGGRESSIVE;
				GCC_WARN_UNUSED_FUNCTION = YES;
				GCC_WARN_UNUSED_VARIABLE = YES;
				LOCALIZATION_PREFERS_STRING_CATALOGS = YES;
				MTL_ENABLE_DEBUG_INFO = NO;
				MTL_FAST_MATH = YES;
				SWIFT_COMPILATION_MODE = wholemodule;
			};
			name = Release;
		};
		2BCD62D42B0AD7CB005B31E0 /* Debug */ = {
			isa = XCBuildConfiguration;
			buildSettings = {
				ASSETCATALOG_COMPILER_APPICON_NAME = AppIcon;
				ASSETCATALOG_COMPILER_GLOBAL_ACCENT_COLOR_NAME = AccentColor;
				CODE_SIGN_ENTITLEMENTS = PayTote/PayTote.entitlements;
				"CODE_SIGN_IDENTITY[sdk=macosx*]" = "Apple Development";
				CODE_SIGN_STYLE = Automatic;
				CURRENT_PROJECT_VERSION = 1;
				DEVELOPMENT_ASSET_PATHS = "\"PayTote/Preview Content\"";
				DEVELOPMENT_TEAM = 8HM33Q7CQ6;
				ENABLE_HARDENED_RUNTIME = YES;
				ENABLE_PREVIEWS = YES;
				GENERATE_INFOPLIST_FILE = YES;
				INFOPLIST_FILE = PayTote/Info.plist;
				"INFOPLIST_KEY_UIApplicationSceneManifest_Generation[sdk=iphoneos*]" = YES;
				"INFOPLIST_KEY_UIApplicationSceneManifest_Generation[sdk=iphonesimulator*]" = YES;
				"INFOPLIST_KEY_UIApplicationSupportsIndirectInputEvents[sdk=iphoneos*]" = YES;
				"INFOPLIST_KEY_UIApplicationSupportsIndirectInputEvents[sdk=iphonesimulator*]" = YES;
				"INFOPLIST_KEY_UILaunchScreen_Generation[sdk=iphoneos*]" = YES;
				"INFOPLIST_KEY_UILaunchScreen_Generation[sdk=iphonesimulator*]" = YES;
				"INFOPLIST_KEY_UIStatusBarStyle[sdk=iphoneos*]" = UIStatusBarStyleDefault;
				"INFOPLIST_KEY_UIStatusBarStyle[sdk=iphonesimulator*]" = UIStatusBarStyleDefault;
				INFOPLIST_KEY_UISupportedInterfaceOrientations_iPad = "UIInterfaceOrientationPortrait UIInterfaceOrientationPortraitUpsideDown UIInterfaceOrientationLandscapeLeft UIInterfaceOrientationLandscapeRight";
				INFOPLIST_KEY_UISupportedInterfaceOrientations_iPhone = "UIInterfaceOrientationPortrait UIInterfaceOrientationLandscapeLeft UIInterfaceOrientationLandscapeRight";
				IPHONEOS_DEPLOYMENT_TARGET = 17.0;
				LD_RUNPATH_SEARCH_PATHS = "@executable_path/Frameworks";
				"LD_RUNPATH_SEARCH_PATHS[sdk=macosx*]" = "@executable_path/../Frameworks";
				MACOSX_DEPLOYMENT_TARGET = 13.6;
				MARKETING_VERSION = 1.0;
				PRODUCT_BUNDLE_IDENTIFIER = "-HM33Q7CQ6.com.rohansehgal.PayTote";
				PRODUCT_NAME = "$(TARGET_NAME)";
				SDKROOT = auto;
				SUPPORTED_PLATFORMS = "iphoneos iphonesimulator macosx";
				SWIFT_EMIT_LOC_STRINGS = YES;
				SWIFT_VERSION = 5.0;
				TARGETED_DEVICE_FAMILY = "1,2";
			};
			name = Debug;
		};
		2BCD62D52B0AD7CB005B31E0 /* Release */ = {
			isa = XCBuildConfiguration;
			buildSettings = {
				ASSETCATALOG_COMPILER_APPICON_NAME = AppIcon;
				ASSETCATALOG_COMPILER_GLOBAL_ACCENT_COLOR_NAME = AccentColor;
				CODE_SIGN_ENTITLEMENTS = PayTote/PayTote.entitlements;
				"CODE_SIGN_IDENTITY[sdk=macosx*]" = "Apple Development";
				CODE_SIGN_STYLE = Automatic;
				CURRENT_PROJECT_VERSION = 1;
				DEVELOPMENT_ASSET_PATHS = "\"PayTote/Preview Content\"";
				DEVELOPMENT_TEAM = 8HM33Q7CQ6;
				ENABLE_HARDENED_RUNTIME = YES;
				ENABLE_PREVIEWS = YES;
				GENERATE_INFOPLIST_FILE = YES;
				INFOPLIST_FILE = PayTote/Info.plist;
				"INFOPLIST_KEY_UIApplicationSceneManifest_Generation[sdk=iphoneos*]" = YES;
				"INFOPLIST_KEY_UIApplicationSceneManifest_Generation[sdk=iphonesimulator*]" = YES;
				"INFOPLIST_KEY_UIApplicationSupportsIndirectInputEvents[sdk=iphoneos*]" = YES;
				"INFOPLIST_KEY_UIApplicationSupportsIndirectInputEvents[sdk=iphonesimulator*]" = YES;
				"INFOPLIST_KEY_UILaunchScreen_Generation[sdk=iphoneos*]" = YES;
				"INFOPLIST_KEY_UILaunchScreen_Generation[sdk=iphonesimulator*]" = YES;
				"INFOPLIST_KEY_UIStatusBarStyle[sdk=iphoneos*]" = UIStatusBarStyleDefault;
				"INFOPLIST_KEY_UIStatusBarStyle[sdk=iphonesimulator*]" = UIStatusBarStyleDefault;
				INFOPLIST_KEY_UISupportedInterfaceOrientations_iPad = "UIInterfaceOrientationPortrait UIInterfaceOrientationPortraitUpsideDown UIInterfaceOrientationLandscapeLeft UIInterfaceOrientationLandscapeRight";
				INFOPLIST_KEY_UISupportedInterfaceOrientations_iPhone = "UIInterfaceOrientationPortrait UIInterfaceOrientationLandscapeLeft UIInterfaceOrientationLandscapeRight";
				IPHONEOS_DEPLOYMENT_TARGET = 17.0;
				LD_RUNPATH_SEARCH_PATHS = "@executable_path/Frameworks";
				"LD_RUNPATH_SEARCH_PATHS[sdk=macosx*]" = "@executable_path/../Frameworks";
				MACOSX_DEPLOYMENT_TARGET = 13.6;
				MARKETING_VERSION = 1.0;
				PRODUCT_BUNDLE_IDENTIFIER = "-HM33Q7CQ6.com.rohansehgal.PayTote";
				PRODUCT_NAME = "$(TARGET_NAME)";
				SDKROOT = auto;
				SUPPORTED_PLATFORMS = "iphoneos iphonesimulator macosx";
				SWIFT_EMIT_LOC_STRINGS = YES;
				SWIFT_VERSION = 5.0;
				TARGETED_DEVICE_FAMILY = "1,2";
			};
			name = Release;
		};
/* End XCBuildConfiguration section */

/* Begin XCConfigurationList section */
		2BCD62BF2B0AD7C9005B31E0 /* Build configuration list for PBXProject "PayTote" */ = {
			isa = XCConfigurationList;
			buildConfigurations = (
				2BCD62D12B0AD7CB005B31E0 /* Debug */,
				2BCD62D22B0AD7CB005B31E0 /* Release */,
			);
			defaultConfigurationIsVisible = 0;
			defaultConfigurationName = Release;
		};
		2BCD62D32B0AD7CB005B31E0 /* Build configuration list for PBXNativeTarget "PayTote" */ = {
			isa = XCConfigurationList;
			buildConfigurations = (
				2BCD62D42B0AD7CB005B31E0 /* Debug */,
				2BCD62D52B0AD7CB005B31E0 /* Release */,
			);
			defaultConfigurationIsVisible = 0;
			defaultConfigurationName = Release;
		};
/* End XCConfigurationList section */

/* Begin XCVersionGroup section */
		2BBA45C52B33C2880026C46B /* COSC345_Project.xcdatamodeld */ = {
			isa = XCVersionGroup;
			children = (
				2BBA45C62B33C2880026C46B /* COSC345_Project.xcdatamodel */,
			);
			currentVersion = 2BBA45C62B33C2880026C46B /* COSC345_Project.xcdatamodel */;
			path = COSC345_Project.xcdatamodeld;
			sourceTree = "<group>";
			versionGroupType = wrapper.xcdatamodel;
		};
/* End XCVersionGroup section */
	};
	rootObject = 2BCD62BC2B0AD7C9005B31E0 /* Project object */;
}
